
Microsoft Visual Studio Solution File, Format Version 12.00
# Visual Studio 2013
VisualStudioVersion = 12.0.21005.1
MinimumVisualStudioVersion = 10.0.40219.1
Project("{F184B08F-C81C-45F6-A57F-5ABD9991F28F}") = "SCCMPCAdmin", "PC+\SCCMPCAdmin.vbproj", "{320F8418-EEA8-4863-8383-823757DE410C}"
EndProject
Project("{2150E333-8FDC-42A3-9474-1A3956D46DE8}") = "Solution Items", "Solution Items", "{F5D8904D-C0F6-41E5-856F-1ED8F750CCEF}"
	ProjectSection(SolutionItems) = preProject
		Note_SCCMPCAdmin.txt = Note_SCCMPCAdmin.txt
	EndProjectSection
EndProject
Global
	GlobalSection(TeamFoundationVersionControl) = preSolution
		SccNumberOfProjects = 2
		SccEnterpriseProvider = {4CA58AB2-18FA-4F8D-95D4-32DDF27D184C}
		SccTeamFoundationServer = http://mlap1098:8080/tfs/projectcollection
		SccLocalPath0 = .
		SccProjectUniqueName1 = PC+\\SCCMPCAdmin.vbproj
		SccProjectName1 = PC+
		SccLocalPath1 = PC+
	EndGlobalSection
	GlobalSection(SolutionConfigurationPlatforms) = preSolution
		Debug|Any CPU = Debug|Any CPU
		Release|Any CPU = Release|Any CPU
	EndGlobalSection
	GlobalSection(ProjectConfigurationPlatforms) = postSolution
		{320F8418-EEA8-4863-8383-823757DE410C}.Debug|Any CPU.ActiveCfg = Debug|Any CPU
		{320F8418-EEA8-4863-8383-823757DE410C}.Debug|Any CPU.Build.0 = Debug|Any CPU
		{320F8418-EEA8-4863-8383-823757DE410C}.Release|Any CPU.ActiveCfg = Release|Any CPU
		{320F8418-EEA8-4863-8383-823757DE410C}.Release|Any CPU.Build.0 = Release|Any CPU
	EndGlobalSection
	GlobalSection(SolutionProperties) = preSolution
		HideSolutionNode = FALSE
	EndGlobalSection
EndGlobal
